PODS:
  - PluggableApplicationDelegate (0.1.0)

DEPENDENCIES:
  - PluggableApplicationDelegate (from `../`)

EXTERNAL SOURCES:
  PluggableApplicationDelegate:
    :path: "../"

SPEC CHECKSUMS:
  PluggableApplicationDelegate: 0182e5182367a3b01ad1d9afbb6a9e87741da429

PODFILE CHECKSUM: 3ff202d5d31bd2432018d06d2bac807ab4cf6077

COCOAPODS: 1.2.0
